
Microsoft Visual Studio Solution File, Format Version 12.00
# Visual Studio Version 17
VisualStudioVersion = 17.4.33213.308
MinimumVisualStudioVersion = 10.0.40219.1
Project("{FAE04EC0-301F-11D3-BF4B-00C04F79EFBC}") = "WindowsFormsApp1", "WindowsFormsApp1\WindowsFormsApp1.csproj", "{BB3C7A21-EFEC-46CA-ABAC-32114A41C5E0}"
EndProject
Global
	GlobalSection(SolutionConfigurationPlatforms) = preSolution
		Debug|Any CPU = Debug|Any CPU
		Release|Any CPU = Release|Any CPU
	EndGlobalSection
	GlobalSection(ProjectConfigurationPlatforms) = postSolution
		{BB3C7A21-EFEC-46CA-ABAC-32114A41C5E0}.Debug|Any CPU.ActiveCfg = Debug|Any CPU
		{BB3C7A21-EFEC-46CA-ABAC-32114A41C5E0}.Debug|Any CPU.Build.0 = Debug|Any CPU
		{BB3C7A21-EFEC-46CA-ABAC-32114A41C5E0}.Release|Any CPU.ActiveCfg = Release|Any CPU
		{BB3C7A21-EFEC-46CA-ABAC-32114A41C5E0}.Release|Any CPU.Build.0 = Release|Any CPU
	EndGlobalSection
	GlobalSection(SolutionProperties) = preSolution
		HideSolutionNode = FALSE
	EndGlobalSection
	GlobalSection(ExtensibilityGlobals) = postSolution
		SolutionGuid = {0F2F32D8-D7AB-4946-A983-48491BE5C58A}
	EndGlobalSection
EndGlobal
